
Microsoft Visual Studio Solution File, Format Version 12.00
# Visual Studio Version 16
VisualStudioVersion = 16.0.31205.134
MinimumVisualStudioVersion = 10.0.40219.1
Project("{FAE04EC0-301F-11D3-BF4B-00C04F79EFBC}") = "AdvancedCSharpLearning", "AdvancedCSharpLearning.csproj", "{2AE7B5B6-ECCD-4F53-9CF2-4A73EAD13DD8}"
EndProject
Project("{FAE04EC0-301F-11D3-BF4B-00C04F79EFBC}") = "Generics", "..\Generics\Generics.csproj", "{A124B355-E235-4283-973D-E748E1CCE18D}"
EndProject
Global
	GlobalSection(SolutionConfigurationPlatforms) = preSolution
		Debug|Any CPU = Debug|Any CPU
		Release|Any CPU = Release|Any CPU
	EndGlobalSection
	GlobalSection(ProjectConfigurationPlatforms) = postSolution
		{2AE7B5B6-ECCD-4F53-9CF2-4A73EAD13DD8}.Debug|Any CPU.ActiveCfg = Debug|Any CPU
		{2AE7B5B6-ECCD-4F53-9CF2-4A73EAD13DD8}.Debug|Any CPU.Build.0 = Debug|Any CPU
		{2AE7B5B6-ECCD-4F53-9CF2-4A73EAD13DD8}.Release|Any CPU.ActiveCfg = Release|Any CPU
		{2AE7B5B6-ECCD-4F53-9CF2-4A73EAD13DD8}.Release|Any CPU.Build.0 = Release|Any CPU
		{A124B355-E235-4283-973D-E748E1CCE18D}.Debug|Any CPU.ActiveCfg = Debug|Any CPU
		{A124B355-E235-4283-973D-E748E1CCE18D}.Debug|Any CPU.Build.0 = Debug|Any CPU
		{A124B355-E235-4283-973D-E748E1CCE18D}.Release|Any CPU.ActiveCfg = Release|Any CPU
		{A124B355-E235-4283-973D-E748E1CCE18D}.Release|Any CPU.Build.0 = Release|Any CPU
	EndGlobalSection
	GlobalSection(SolutionProperties) = preSolution
		HideSolutionNode = FALSE
	EndGlobalSection
	GlobalSection(ExtensibilityGlobals) = postSolution
		SolutionGuid = {23B66AA8-774C-4A62-A6CC-B58340C60F62}
	EndGlobalSection
EndGlobal
